// !$*UTF8*$!
{
	archiveVersion = 1;
	classes = {
	};
	objectVersion = 48;
	objects = {

/* Begin PBXBuildFile section */
		EA6222F21F96315D00D20E5B /* Base.cpp in Sources */ = {isa = PBXBuildFile; fileRef = EA6222F01F96315D00D20E5B /* Base.cpp */; };
		EA6222F51F96320700D20E5B /* TableStack.cpp in Sources */ = {isa = PBXBuildFile; fileRef = EA6222F31F96320700D20E5B /* TableStack.cpp */; };
		EAF61A8F1F8CE1BD001196AC /* main.cpp in Sources */ = {isa = PBXBuildFile; fileRef = EAF61A8E1F8CE1BD001196AC /* main.cpp */; };
/* End PBXBuildFile section */

/* Begin PBXCopyFilesBuildPhase section */
		EAF61A891F8CE1BD001196AC /* CopyFiles */ = {
			isa = PBXCopyFilesBuildPhase;
			buildActionMask = 2147483647;
			dstPath = /usr/share/man/man1/;
			dstSubfolderSpec = 0;
			files = (
			);
			runOnlyForDeploymentPostprocessing = 1;
		};
/* End PBXCopyFilesBuildPhase section */

/* Begin PBXFileReference section */
		EA6222F01F96315D00D20E5B /* Base.cpp */ = {isa = PBXFileReference; lastKnownFileType = sourcecode.cpp.cpp; path = Base.cpp; sourceTree = "<group>"; };
		EA6222F11F96315D00D20E5B /* Base.hpp */ = {isa = PBXFileReference; lastKnownFileType = sourcecode.cpp.h; path = Base.hpp; sourceTree = "<group>"; };
		EA6222F31F96320700D20E5B /* TableStack.cpp */ = {isa = PBXFileReference; lastKnownFileType = sourcecode.cpp.cpp; path = TableStack.cpp; sourceTree = "<group>"; };
		EA6222F41F96320700D20E5B /* TableStack.hpp */ = {isa = PBXFileReference; lastKnownFileType = sourcecode.cpp.h; path = TableStack.hpp; sourceTree = "<group>"; };
		EAF61A8B1F8CE1BD001196AC /* demo1 */ = {isa = PBXFileReference; explicitFileType = "compiled.mach-o.executable"; includeInIndex = 0; path = demo1; sourceTree = BUILT_PRODUCTS_DIR; };
		EAF61A8E1F8CE1BD001196AC /* main.cpp */ = {isa = PBXFileReference; lastKnownFileType = sourcecode.cpp.cpp; path = main.cpp; sourceTree = "<group>"; };
/* End PBXFileReference section */

/* Begin PBXFrameworksBuildPhase section */
		EAF61A881F8CE1BD001196AC /* Frameworks */ = {
			isa = PBXFrameworksBuildPhase;
			buildActionMask = 2147483647;
			files = (
			);
			runOnlyForDeploymentPostprocessing = 0;
		};
/* End PBXFrameworksBuildPhase section */

/* Begin PBXGroup section */
		EAF61A821F8CE1BD001196AC = {
			isa = PBXGroup;
			children = (
				EAF61A8D1F8CE1BD001196AC /* demo1 */,
				EAF61A8C1F8CE1BD001196AC /* Products */,
			);
			sourceTree = "<group>";
		};
		EAF61A8C1F8CE1BD001196AC /* Products */ = {
			isa = PBXGroup;
			children = (
				EAF61A8B1F8CE1BD001196AC /* demo1 */,
			);
			name = Products;
			sourceTree = "<group>";
		};
		EAF61A8D1F8CE1BD001196AC /* demo1 */ = {
			isa = PBXGroup;
			children = (
				EAF61A8E1F8CE1BD001196AC /* main.cpp */,
				EA6222F01F96315D00D20E5B /* Base.cpp */,
				EA6222F11F96315D00D20E5B /* Base.hpp */,
				EA6222F31F96320700D20E5B /* TableStack.cpp */,
				EA6222F41F96320700D20E5B /* TableStack.hpp */,
			);
			path = demo1;
			sourceTree = "<group>";
		};
/* End PBXGroup section */

/* Begin PBXNativeTarget section */
		EAF61A8A1F8CE1BD001196AC /* demo1 */ = {
			isa = PBXNativeTarget;
			buildConfigurationList = EAF61A921F8CE1BD001196AC /* Build configuration list for PBXNativeTarget "demo1" */;
			buildPhases = (
				EAF61A871F8CE1BD001196AC /* Sources */,
				EAF61A881F8CE1BD001196AC /* Frameworks */,
				EAF61A891F8CE1BD001196AC /* CopyFiles */,
			);
			buildRules = (
			);
			dependencies = (
			);
			name = demo1;
			productName = demo1;
			productReference = EAF61A8B1F8CE1BD001196AC /* demo1 */;
			productType = "com.apple.product-type.tool";
		};
/* End PBXNativeTarget section */

/* Begin PBXProject section */
		EAF61A831F8CE1BD001196AC /* Project object */ = {
			isa = PBXProject;
			attributes = {
				LastUpgradeCheck = 0900;
				ORGANIZATIONNAME = "zhang Alex";
				TargetAttributes = {
					EAF61A8A1F8CE1BD001196AC = {
						CreatedOnToolsVersion = 9.0;
						ProvisioningStyle = Automatic;
					};
				};
			};
			buildConfigurationList = EAF61A861F8CE1BD001196AC /* Build configuration list for PBXProject "demo1" */;
			compatibilityVersion = "Xcode 8.0";
			developmentRegion = en;
			hasScannedForEncodings = 0;
			knownRegions = (
				en,
			);
			mainGroup = EAF61A821F8CE1BD001196AC;
			productRefGroup = EAF61A8C1F8CE1BD001196AC /* Products */;
			projectDirPath = "";
			projectRoot = "";
			targets = (
				EAF61A8A1F8CE1BD001196AC /* demo1 */,
			);
		};
/* End PBXProject section */

/* Begin PBXSourcesBuildPhase section */
		EAF61A871F8CE1BD001196AC /* Sources */ = {
			isa = PBXSourcesBuildPhase;
			buildActionMask = 2147483647;
			files = (
				EA6222F21F96315D00D20E5B /* Base.cpp in Sources */,
				EAF61A8F1F8CE1BD001196AC /* main.cpp in Sources */,
				EA6222F51F96320700D20E5B /* TableStack.cpp in Sources */,
			);
			runOnlyForDeploymentPostprocessing = 0;
		};
/* End PBXSourcesBuildPhase section */

/* Begin XCBuildConfiguration section */
		EAF61A901F8CE1BD001196AC /* Debug */ = {
			isa = XCBuildConfiguration;
			buildSettings = {
				ALWAYS_SEARCH_USER_PATHS = NO;
				CLANG_ANALYZER_NONNULL = YES;
				CLANG_ANALYZER_NUMBER_OBJECT_CONVERSION = YES_AGGRESSIVE;
				CLANG_CXX_LANGUAGE_STANDARD = "gnu++14";
				CLANG_CXX_LIBRARY = "libc++";
				CLANG_ENABLE_MODULES = YES;
				CLANG_ENABLE_OBJC_ARC = YES;
				CLANG_WARN_BLOCK_CAPTURE_AUTORELEASING = YES;
				CLANG_WARN_BOOL_CONVERSION = YES;
				CLANG_WARN_COMMA = YES;
				CLANG_WARN_CONSTANT_CONVERSION = YES;
				CLANG_WARN_DIRECT_OBJC_ISA_USAGE = YES_ERROR;
				CLANG_WARN_DOCUMENTATION_COMMENTS = YES;
				CLANG_WARN_EMPTY_BODY = YES;
				CLANG_WARN_ENUM_CONVERSION = YES;
				CLANG_WARN_INFINITE_RECURSION = YES;
				CLANG_WARN_INT_CONVERSION = YES;
				CLANG_WARN_NON_LITERAL_NULL_CONVERSION = YES;
				CLANG_WARN_OBJC_LITERAL_CONVERSION = YES;
				CLANG_WARN_OBJC_ROOT_CLASS = YES_ERROR;
				CLANG_WARN_RANGE_LOOP_ANALYSIS = YES;
				CLANG_WARN_STRICT_PROTOTYPES = YES;
				CLANG_WARN_SUSPICIOUS_MOVE = YES;
				CLANG_WARN_UNGUARDED_AVAILABILITY = YES_AGGRESSIVE;
				CLANG_WARN_UNREACHABLE_CODE = YES;
				CLANG_WARN__DUPLICATE_METHOD_MATCH = YES;
				CODE_SIGN_IDENTITY = "-";
				COPY_PHASE_STRIP = NO;
				DEBUG_INFORMATION_FORMAT = dwarf;
				ENABLE_STRICT_OBJC_MSGSEND = YES;
				ENABLE_TESTABILITY = YES;
				GCC_C_LANGUAGE_STANDARD = gnu11;
				GCC_DYNAMIC_NO_PIC = NO;
				GCC_NO_COMMON_BLOCKS = YES;
				GCC_OPTIMIZATION_LEVEL = 0;
				GCC_PREPROCESSOR_DEFINITIONS = (
					"DEBUG=1",
					"$(inherited)",
				);
				GCC_WARN_64_TO_32_BIT_CONVERSION = YES;
				GCC_WARN_ABOUT_RETURN_TYPE = YES_ERROR;
				GCC_WARN_UNDECLARED_SELECTOR = YES;
				GCC_WARN_UNINITIALIZED_AUTOS = YES_AGGRESSIVE;
				GCC_WARN_UNUSED_FUNCTION = YES;
				GCC_WARN_UNUSED_VARIABLE = YES;
				MACOSX_DEPLOYMENT_TARGET = 10.12;
				MTL_ENABLE_DEBUG_INFO = YES;
				ONLY_ACTIVE_ARCH = YES;
				SDKROOT = macosx;
			};
			name = Debug;
		};
		EAF61A911F8CE1BD001196AC /* Release */ = {
			isa = XCBuildConfiguration;
			buildSettings = {
				ALWAYS_SEARCH_USER_PATHS = NO;
				CLANG_ANALYZER_NONNULL = YES;
				CLANG_ANALYZER_NUMBER_OBJECT_CONVERSION = YES_AGGRESSIVE;
				CLANG_CXX_LANGUAGE_STANDARD = "gnu++14";
				CLANG_CXX_LIBRARY = "libc++";
				CLANG_ENABLE_MODULES = YES;
				CLANG_ENABLE_OBJC_ARC = YES;
				CLANG_WARN_BLOCK_CAPTURE_AUTORELEASING = YES;
				CLANG_WARN_BOOL_CONVERSION = YES;
				CLANG_WARN_COMMA = YES;
				CLANG_WARN_CONSTANT_CONVERSION = YES;
				CLANG_WARN_DIRECT_OBJC_ISA_USAGE = YES_ERROR;
				CLANG_WARN_DOCUMENTATION_COMMENTS = YES;
				CLANG_WARN_EMPTY_BODY = YES;
				CLANG_WARN_ENUM_CONVERSION = YES;
				CLANG_WARN_INFINITE_RECURSION = YES;
				CLANG_WARN_INT_CONVERSION = YES;
				CLANG_WARN_NON_LITERAL_NULL_CONVERSION = YES;
				CLANG_WARN_OBJC_LITERAL_CONVERSION = YES;
				CLANG_WARN_OBJC_ROOT_CLASS = YES_ERROR;
				CLANG_WARN_RANGE_LOOP_ANALYSIS = YES;
				CLANG_WARN_STRICT_PROTOTYPES = YES;
				CLANG_WARN_SUSPICIOUS_MOVE = YES;
				CLANG_WARN_UNGUARDED_AVAILABILITY = YES_AGGRESSIVE;
				CLANG_WARN_UNREACHABLE_CODE = YES;
				CLANG_WARN__DUPLICATE_METHOD_MATCH = YES;
				CODE_SIGN_IDENTITY = "-";
				COPY_PHASE_STRIP = NO;
				DEBUG_INFORMATION_FORMAT = "dwarf-with-dsym";
				ENABLE_NS_ASSERTIONS = NO;
				ENABLE_STRICT_OBJC_MSGSEND = YES;
				GCC_C_LANGUAGE_STANDARD = gnu11;
				GCC_NO_COMMON_BLOCKS = YES;
				GCC_WARN_64_TO_32_BIT_CONVERSION = YES;
				GCC_WARN_ABOUT_RETURN_TYPE = YES_ERROR;
				GCC_WARN_UNDECLARED_SELECTOR = YES;
				GCC_WARN_UNINITIALIZED_AUTOS = YES_AGGRESSIVE;
				GCC_WARN_UNUSED_FUNCTION = YES;
				GCC_WARN_UNUSED_VARIABLE = YES;
				MACOSX_DEPLOYMENT_TARGET = 10.12;
				MTL_ENABLE_DEBUG_INFO = NO;
				SDKROOT = macosx;
			};
			name = Release;
		};
		EAF61A931F8CE1BD001196AC /* Debug */ = {
			isa = XCBuildConfiguration;
			buildSettings = {
				CODE_SIGN_STYLE = Automatic;
				PRODUCT_NAME = "$(TARGET_NAME)";
			};
			name = Debug;
		};
		EAF61A941F8CE1BD001196AC /* Release */ = {
			isa = XCBuildConfiguration;
			buildSettings = {
				CODE_SIGN_STYLE = Automatic;
				PRODUCT_NAME = "$(TARGET_NAME)";
			};
			name = Release;
		};
/* End XCBuildConfiguration section */

/* Begin XCConfigurationList section */
		EAF61A861F8CE1BD001196AC /* Build configuration list for PBXProject "demo1" */ = {
			isa = XCConfigurationList;
			buildConfigurations = (
				EAF61A901F8CE1BD001196AC /* Debug */,
				EAF61A911F8CE1BD001196AC /* Release */,
			);
			defaultConfigurationIsVisible = 0;
			defaultConfigurationName = Release;
		};
		EAF61A921F8CE1BD001196AC /* Build configuration list for PBXNativeTarget "demo1" */ = {
			isa = XCConfigurationList;
			buildConfigurations = (
				EAF61A931F8CE1BD001196AC /* Debug */,
				EAF61A941F8CE1BD001196AC /* Release */,
			);
			defaultConfigurationIsVisible = 0;
			defaultConfigurationName = Release;
		};
/* End XCConfigurationList section */
	};
	rootObject = EAF61A831F8CE1BD001196AC /* Project object */;
}
